
Microsoft Visual Studio Solution File, Format Version 12.00
# Visual Studio 15
VisualStudioVersion = 15.0.26730.12
MinimumVisualStudioVersion = 10.0.40219.1
Project("{9A19103F-16F7-4668-BE54-9A1E7A4F7556}") = "PlaylistPool", "PlaylistPool\PlaylistPool.csproj", "{B02FD5FB-81E3-4F27-827F-B72B2F5CB2A4}"
EndProject
Global
	GlobalSection(SolutionConfigurationPlatforms) = preSolution
		Debug|Any CPU = Debug|Any CPU
		Release|Any CPU = Release|Any CPU
	EndGlobalSection
	GlobalSection(ProjectConfigurationPlatforms) = postSolution
		{B02FD5FB-81E3-4F27-827F-B72B2F5CB2A4}.Debug|Any CPU.ActiveCfg = Debug|Any CPU
		{B02FD5FB-81E3-4F27-827F-B72B2F5CB2A4}.Debug|Any CPU.Build.0 = Debug|Any CPU
		{B02FD5FB-81E3-4F27-827F-B72B2F5CB2A4}.Release|Any CPU.ActiveCfg = Release|Any CPU
		{B02FD5FB-81E3-4F27-827F-B72B2F5CB2A4}.Release|Any CPU.Build.0 = Release|Any CPU
	EndGlobalSection
	GlobalSection(SolutionProperties) = preSolution
		HideSolutionNode = FALSE
	EndGlobalSection
	GlobalSection(ExtensibilityGlobals) = postSolution
		SolutionGuid = {6FF3E874-2205-4425-883A-09AFBDAC855B}
	EndGlobalSection
EndGlobal
